
Microsoft Visual Studio Solution File, Format Version 12.00
Project("{FAE04EC0-301F-11D3-BF4B-00C04F79EFBC}") = "DemoSourceGenerator", "DemoSourceGenerator\DemoSourceGenerator.csproj", "{F15D84C9-5509-4E30-97CD-AE30AF80C71D}"
EndProject
Project("{FAE04EC0-301F-11D3-BF4B-00C04F79EFBC}") = "DemoConsoleApplication", "DemoConsoleApplication\DemoConsoleApplication.csproj", "{BED8B8C2-19E7-46BB-88C2-F389556E0C7E}"
EndProject
Project("{FAE04EC0-301F-11D3-BF4B-00C04F79EFBC}") = "DemoLibrary", "DemoLibrary\DemoLibrary.csproj", "{A4FD6DE2-0BF2-4F39-9C41-19DC4A0F0E30}"
EndProject
Global
	GlobalSection(SolutionConfigurationPlatforms) = preSolution
		Debug|Any CPU = Debug|Any CPU
		Release|Any CPU = Release|Any CPU
	EndGlobalSection
	GlobalSection(ProjectConfigurationPlatforms) = postSolution
		{F15D84C9-5509-4E30-97CD-AE30AF80C71D}.Debug|Any CPU.ActiveCfg = Debug|Any CPU
		{F15D84C9-5509-4E30-97CD-AE30AF80C71D}.Debug|Any CPU.Build.0 = Debug|Any CPU
		{F15D84C9-5509-4E30-97CD-AE30AF80C71D}.Release|Any CPU.ActiveCfg = Release|Any CPU
		{F15D84C9-5509-4E30-97CD-AE30AF80C71D}.Release|Any CPU.Build.0 = Release|Any CPU
		{BED8B8C2-19E7-46BB-88C2-F389556E0C7E}.Debug|Any CPU.ActiveCfg = Debug|Any CPU
		{BED8B8C2-19E7-46BB-88C2-F389556E0C7E}.Debug|Any CPU.Build.0 = Debug|Any CPU
		{BED8B8C2-19E7-46BB-88C2-F389556E0C7E}.Release|Any CPU.ActiveCfg = Release|Any CPU
		{BED8B8C2-19E7-46BB-88C2-F389556E0C7E}.Release|Any CPU.Build.0 = Release|Any CPU
		{A4FD6DE2-0BF2-4F39-9C41-19DC4A0F0E30}.Debug|Any CPU.ActiveCfg = Debug|Any CPU
		{A4FD6DE2-0BF2-4F39-9C41-19DC4A0F0E30}.Debug|Any CPU.Build.0 = Debug|Any CPU
		{A4FD6DE2-0BF2-4F39-9C41-19DC4A0F0E30}.Release|Any CPU.ActiveCfg = Release|Any CPU
		{A4FD6DE2-0BF2-4F39-9C41-19DC4A0F0E30}.Release|Any CPU.Build.0 = Release|Any CPU
	EndGlobalSection
EndGlobal
